
Microsoft Visual Studio Solution File, Format Version 12.00
# Visual Studio Version 16
VisualStudioVersion = 16.0.28902.138
MinimumVisualStudioVersion = 10.0.40219.1
Project("{9A19103F-16F7-4668-BE54-9A1E7A4F7556}") = "OpenRiaServices.DomainServices.Server.FluentMetadata", "FluentMetadata\OpenRiaServices.DomainServices.Server.FluentMetadata.csproj", "{085F2A42-8CCC-41B7-BCCB-92728E43A352}"
EndProject
Project("{2150E333-8FDC-42A3-9474-1A3956D46DE8}") = "Solution Items", "Solution Items", "{42A9EEDA-1219-4F3E-8585-0C8BF7B7FDD3}"
	ProjectSection(SolutionItems) = preProject
		Directory.Build.props = Directory.Build.props
	EndProjectSection
EndProject
Project("{2150E333-8FDC-42A3-9474-1A3956D46DE8}") = "Sample", "Sample", "{1D35501C-BA2E-492F-8279-B2F0BF5B35A0}"
EndProject
Project("{FAE04EC0-301F-11D3-BF4B-00C04F79EFBC}") = "FluentMetadata.Tests.Web", "FluentMetadata.Tests\FluentMetadata.Tests.Web\FluentMetadata.Tests.Web.csproj", "{8C60165B-84A9-4CB1-9D0C-590F36B205A3}"
EndProject
Project("{9A19103F-16F7-4668-BE54-9A1E7A4F7556}") = "FluentMetadata.Tests", "FluentMetadata.Tests\FluentMetadata.Tests\FluentMetadata.Tests.csproj", "{6A47579F-0A1F-40FE-A44A-46563B3B9F4A}"
EndProject
Global
	GlobalSection(SolutionConfigurationPlatforms) = preSolution
		Debug|Any CPU = Debug|Any CPU
		Release|Any CPU = Release|Any CPU
	EndGlobalSection
	GlobalSection(ProjectConfigurationPlatforms) = postSolution
		{085F2A42-8CCC-41B7-BCCB-92728E43A352}.Debug|Any CPU.ActiveCfg = Debug|Any CPU
		{085F2A42-8CCC-41B7-BCCB-92728E43A352}.Debug|Any CPU.Build.0 = Debug|Any CPU
		{085F2A42-8CCC-41B7-BCCB-92728E43A352}.Release|Any CPU.ActiveCfg = Release|Any CPU
		{085F2A42-8CCC-41B7-BCCB-92728E43A352}.Release|Any CPU.Build.0 = Release|Any CPU
		{8C60165B-84A9-4CB1-9D0C-590F36B205A3}.Debug|Any CPU.ActiveCfg = Debug|Any CPU
		{8C60165B-84A9-4CB1-9D0C-590F36B205A3}.Debug|Any CPU.Build.0 = Debug|Any CPU
		{8C60165B-84A9-4CB1-9D0C-590F36B205A3}.Release|Any CPU.ActiveCfg = Release|Any CPU
		{8C60165B-84A9-4CB1-9D0C-590F36B205A3}.Release|Any CPU.Build.0 = Release|Any CPU
		{6A47579F-0A1F-40FE-A44A-46563B3B9F4A}.Debug|Any CPU.ActiveCfg = Debug|Any CPU
		{6A47579F-0A1F-40FE-A44A-46563B3B9F4A}.Debug|Any CPU.Build.0 = Debug|Any CPU
		{6A47579F-0A1F-40FE-A44A-46563B3B9F4A}.Release|Any CPU.ActiveCfg = Release|Any CPU
		{6A47579F-0A1F-40FE-A44A-46563B3B9F4A}.Release|Any CPU.Build.0 = Release|Any CPU
	EndGlobalSection
	GlobalSection(SolutionProperties) = preSolution
		HideSolutionNode = FALSE
	EndGlobalSection
	GlobalSection(NestedProjects) = preSolution
		{8C60165B-84A9-4CB1-9D0C-590F36B205A3} = {1D35501C-BA2E-492F-8279-B2F0BF5B35A0}
		{6A47579F-0A1F-40FE-A44A-46563B3B9F4A} = {1D35501C-BA2E-492F-8279-B2F0BF5B35A0}
	EndGlobalSection
	GlobalSection(ExtensibilityGlobals) = postSolution
		SolutionGuid = {152F4B21-ED5C-4749-A0DC-CE3EAACEE6AC}
	EndGlobalSection
EndGlobal
