
Microsoft Visual Studio Solution File, Format Version 11.00
# Visual Studio 2010
Project("{FAE04EC0-301F-11D3-BF4B-00C04F79EFBC}") = "FluentMetadata", "FluentMetadata.csproj", "{085F2A42-8CCC-41B7-BCCB-92728E43A352}"
EndProject
Global
	GlobalSection(SolutionConfigurationPlatforms) = preSolution
		Debug|Any CPU = Debug|Any CPU
		Release|Any CPU = Release|Any CPU
	EndGlobalSection
	GlobalSection(ProjectConfigurationPlatforms) = postSolution
		{085F2A42-8CCC-41B7-BCCB-92728E43A352}.Debug|Any CPU.ActiveCfg = Debug|Any CPU
		{085F2A42-8CCC-41B7-BCCB-92728E43A352}.Debug|Any CPU.Build.0 = Debug|Any CPU
		{085F2A42-8CCC-41B7-BCCB-92728E43A352}.Release|Any CPU.ActiveCfg = Release|Any CPU
		{085F2A42-8CCC-41B7-BCCB-92728E43A352}.Release|Any CPU.Build.0 = Release|Any CPU
	EndGlobalSection
	GlobalSection(SolutionProperties) = preSolution
		HideSolutionNode = FALSE
	EndGlobalSection
EndGlobal
